
Microsoft Visual Studio Solution File, Format Version 12.00
# Visual Studio Version 16
VisualStudioVersion = 16.0.34031.81
MinimumVisualStudioVersion = 10.0.40219.1
Project("{FAE04EC0-301F-11D3-BF4B-00C04F79EFBC}") = "BT01", "BT01\BT01.csproj", "{ED36BCF4-7C2D-48DA-828E-0C2C3A4A5468}"
EndProject
Global
	GlobalSection(SolutionConfigurationPlatforms) = preSolution
		Debug|Any CPU = Debug|Any CPU
		Release|Any CPU = Release|Any CPU
	EndGlobalSection
	GlobalSection(ProjectConfigurationPlatforms) = postSolution
		{ED36BCF4-7C2D-48DA-828E-0C2C3A4A5468}.Debug|Any CPU.ActiveCfg = Debug|Any CPU
		{ED36BCF4-7C2D-48DA-828E-0C2C3A4A5468}.Debug|Any CPU.Build.0 = Debug|Any CPU
		{ED36BCF4-7C2D-48DA-828E-0C2C3A4A5468}.Release|Any CPU.ActiveCfg = Release|Any CPU
		{ED36BCF4-7C2D-48DA-828E-0C2C3A4A5468}.Release|Any CPU.Build.0 = Release|Any CPU
	EndGlobalSection
	GlobalSection(SolutionProperties) = preSolution
		HideSolutionNode = FALSE
	EndGlobalSection
	GlobalSection(ExtensibilityGlobals) = postSolution
		SolutionGuid = {A29C798F-0725-40E6-8227-82E8C4F51884}
	EndGlobalSection
EndGlobal
